{
  "nodes": {
    "flakeNimbleLib": {
      "inputs": {
        "nixpkgs": [
          "nixpkgs"
        ]
      },
      "locked": {
        "lastModified": 1662018438,
        "narHash": "sha256-QtNtU6+LX3Wokxf0zlFwKTFOcn6TeDjKQZ+DA9OYtvM=",
        "owner": "riinr",
        "repo": "nim-flakes-lib",
        "rev": "b1fe8340736e3a85d25c709ac3dfd82a55c03cbf",
        "type": "github"
      },
      "original": {
        "owner": "riinr",
        "ref": "master",
        "repo": "nim-flakes-lib",
        "type": "github"
      }
    },
    "nixpkgs": {
      "locked": {
        "lastModified": 1667110639,
        "narHash": "sha256-4FbPESZ5LbqQxkJJJBAfk/zKgF9h/4kyUwjjpJwYlbc=",
        "owner": "NixOS",
        "repo": "nixpkgs",
        "rev": "f38a1f04d1bec1feb61fd101a0539ae2002a7087",
        "type": "github"
      },
      "original": {
        "id": "nixpkgs",
        "type": "indirect"
      }
    },
    "prettyvec-main": {
      "inputs": {
        "flakeNimbleLib": [
          "flakeNimbleLib"
        ],
        "nixpkgs": [
          "nixpkgs"
        ],
        "src-prettyvec-main": "src-prettyvec-main"
      },
      "locked": {
        "dir": "main",
        "lastModified": 1662254754,
        "narHash": "sha256-rP9olTCegoNe+qVTXe7o4ZVzXYUnOovCo5Aq4XS8qtA=",
        "owner": "nim-nix-pkgs",
        "repo": "prettyvec",
        "rev": "61f4d1e004eff32094c6b1df499c146ed227c7de",
        "type": "github"
      },
      "original": {
        "dir": "main",
        "owner": "nim-nix-pkgs",
        "ref": "master",
        "repo": "prettyvec",
        "type": "github"
      }
    },
    "root": {
      "inputs": {
        "flakeNimbleLib": "flakeNimbleLib",
        "nixpkgs": "nixpkgs",
        "prettyvec-main": "prettyvec-main"
      }
    },
    "src-prettyvec-main": {
      "flake": false,
      "locked": {
        "lastModified": 1640100828,
        "narHash": "sha256-G7NLICOag3n2bMhgX3JXiDy+2MKYzmXe5YWpK6gAn40=",
        "owner": "prettybauble",
        "repo": "prettyvec",
        "rev": "b7c50cfb4f0da5a452122d8da857980674720c93",
        "type": "github"
      },
      "original": {
        "owner": "prettybauble",
        "ref": "refs/heads/main",
        "repo": "prettyvec",
        "type": "github"
      }
    }
  },
  "root": "root",
  "version": 7
}
